
Microsoft Visual Studio Solution File, Format Version 12.00
# Visual Studio Version 17
VisualStudioVersion = 17.5.002.0
MinimumVisualStudioVersion = 10.0.40219.1
Project("{2150E333-8FDC-42A3-9474-1A3956D46DE8}") = "csharp-prep", "csharp-prep", "{C07E4FB8-B36C-43C4-9030-BB22C307891D}"
EndProject
Project("{9A19103F-16F7-4668-BE54-9A1E7A4F7556}") = "Prep1", "csharp-prep\Prep1\Prep1.csproj", "{9B594F2E-8EAB-499B-891B-FA5525DC5221}"
EndProject
Project("{9A19103F-16F7-4668-BE54-9A1E7A4F7556}") = "Prep2", "csharp-prep\Prep2\Prep2.csproj", "{77CB8D2F-6F2E-46CC-8D82-B37E65714136}"
EndProject
Project("{9A19103F-16F7-4668-BE54-9A1E7A4F7556}") = "Prep3", "csharp-prep\Prep3\Prep3.csproj", "{1E59CD7D-46A7-420B-8D72-4B5309739CE1}"
EndProject
Project("{9A19103F-16F7-4668-BE54-9A1E7A4F7556}") = "Prep4", "csharp-prep\Prep4\Prep4.csproj", "{6492A877-926D-465C-82BF-1D774B4C147A}"
EndProject
Project("{9A19103F-16F7-4668-BE54-9A1E7A4F7556}") = "Prep5", "csharp-prep\Prep5\Prep5.csproj", "{3BED43E9-5BFE-4C6C-A493-935F7525E27D}"
EndProject
Project("{2150E333-8FDC-42A3-9474-1A3956D46DE8}") = "final", "final", "{B3130C8C-87C4-4F82-8A93-DFD9370817DB}"
EndProject
Project("{9A19103F-16F7-4668-BE54-9A1E7A4F7556}") = "FinalProject", "final\FinalProject\FinalProject.csproj", "{326384C0-36EF-4618-8DB5-6EDFC7A8B987}"
EndProject
Project("{9A19103F-16F7-4668-BE54-9A1E7A4F7556}") = "Foundation1", "final\Foundation1\Foundation1.csproj", "{650F4227-2109-4BA7-B681-519788F36F7B}"
EndProject
Project("{9A19103F-16F7-4668-BE54-9A1E7A4F7556}") = "Foundation2", "final\Foundation2\Foundation2.csproj", "{302D97A4-EAF8-457D-8821-435EDF1AC9BF}"
EndProject
Project("{9A19103F-16F7-4668-BE54-9A1E7A4F7556}") = "Foundation3", "final\Foundation3\Foundation3.csproj", "{22736463-C194-458F-AC8C-00E099A8B941}"
EndProject
Project("{9A19103F-16F7-4668-BE54-9A1E7A4F7556}") = "Foundation4", "final\Foundation4\Foundation4.csproj", "{EC64E43B-F10C-4DED-80CC-A1D6A7D24F81}"
EndProject
Project("{2150E333-8FDC-42A3-9474-1A3956D46DE8}") = "prepare", "prepare", "{3E824039-23F4-44C3-842A-E31859BD8AFA}"
EndProject
Project("{9A19103F-16F7-4668-BE54-9A1E7A4F7556}") = "Learning02", "prepare\Learning02\Learning02.csproj", "{0D0D7274-FD5A-4260-AA3E-B908E507CD1D}"
EndProject
Project("{9A19103F-16F7-4668-BE54-9A1E7A4F7556}") = "Learning03", "prepare\Learning03\Learning03.csproj", "{89AFFECC-0121-43EB-B1C7-317247B5F48A}"
EndProject
Project("{9A19103F-16F7-4668-BE54-9A1E7A4F7556}") = "Learning04", "prepare\Learning04\Learning04.csproj", "{7F353F21-9D60-4D84-8853-54CA72035A39}"
EndProject
Project("{9A19103F-16F7-4668-BE54-9A1E7A4F7556}") = "Learning05", "prepare\Learning05\Learning05.csproj", "{4E29F18F-B0AB-4F9A-82CF-39CD9E52BCBC}"
EndProject
Project("{2150E333-8FDC-42A3-9474-1A3956D46DE8}") = "prove", "prove", "{C59739A6-0296-4DF9-8DDE-C02D04DA2C9E}"
EndProject
Project("{9A19103F-16F7-4668-BE54-9A1E7A4F7556}") = "Develop02", "prove\Develop02\Develop02.csproj", "{A19895F7-0D36-426A-B379-20E7B2D69FE2}"
EndProject
Project("{9A19103F-16F7-4668-BE54-9A1E7A4F7556}") = "Develop03", "prove\Develop03\Develop03.csproj", "{D4DB7EF4-E44D-471C-A86B-3679F5AF969E}"
EndProject
Project("{9A19103F-16F7-4668-BE54-9A1E7A4F7556}") = "Develop04", "prove\Develop04\Develop04.csproj", "{A4406402-20FE-4AF6-8D7D-CF017F08A41B}"
EndProject
Project("{9A19103F-16F7-4668-BE54-9A1E7A4F7556}") = "Develop05", "prove\Develop05\Develop05.csproj", "{88A7464F-1666-4025-BF1F-92137D47F7A2}"
EndProject
Project("{2150E333-8FDC-42A3-9474-1A3956D46DE8}") = "sandbox", "sandbox", "{E4A3BA7A-F18A-44B2-A7D3-4901B5FA30B3}"
EndProject
Project("{9A19103F-16F7-4668-BE54-9A1E7A4F7556}") = "Sandbox", "sandbox\Sandbox\Sandbox.csproj", "{C3BCF33B-DBC5-4A9F-81D1-F47BB85503BA}"
EndProject
Global
	GlobalSection(SolutionConfigurationPlatforms) = preSolution
		Debug|Any CPU = Debug|Any CPU
		Release|Any CPU = Release|Any CPU
	EndGlobalSection
	GlobalSection(ProjectConfigurationPlatforms) = postSolution
		{9B594F2E-8EAB-499B-891B-FA5525DC5221}.Debug|Any CPU.ActiveCfg = Debug|Any CPU
		{9B594F2E-8EAB-499B-891B-FA5525DC5221}.Debug|Any CPU.Build.0 = Debug|Any CPU
		{9B594F2E-8EAB-499B-891B-FA5525DC5221}.Release|Any CPU.ActiveCfg = Release|Any CPU
		{9B594F2E-8EAB-499B-891B-FA5525DC5221}.Release|Any CPU.Build.0 = Release|Any CPU
		{77CB8D2F-6F2E-46CC-8D82-B37E65714136}.Debug|Any CPU.ActiveCfg = Debug|Any CPU
		{77CB8D2F-6F2E-46CC-8D82-B37E65714136}.Debug|Any CPU.Build.0 = Debug|Any CPU
		{77CB8D2F-6F2E-46CC-8D82-B37E65714136}.Release|Any CPU.ActiveCfg = Release|Any CPU
		{77CB8D2F-6F2E-46CC-8D82-B37E65714136}.Release|Any CPU.Build.0 = Release|Any CPU
		{1E59CD7D-46A7-420B-8D72-4B5309739CE1}.Debug|Any CPU.ActiveCfg = Debug|Any CPU
		{1E59CD7D-46A7-420B-8D72-4B5309739CE1}.Debug|Any CPU.Build.0 = Debug|Any CPU
		{1E59CD7D-46A7-420B-8D72-4B5309739CE1}.Release|Any CPU.ActiveCfg = Release|Any CPU
		{1E59CD7D-46A7-420B-8D72-4B5309739CE1}.Release|Any CPU.Build.0 = Release|Any CPU
		{6492A877-926D-465C-82BF-1D774B4C147A}.Debug|Any CPU.ActiveCfg = Debug|Any CPU
		{6492A877-926D-465C-82BF-1D774B4C147A}.Debug|Any CPU.Build.0 = Debug|Any CPU
		{6492A877-926D-465C-82BF-1D774B4C147A}.Release|Any CPU.ActiveCfg = Release|Any CPU
		{6492A877-926D-465C-82BF-1D774B4C147A}.Release|Any CPU.Build.0 = Release|Any CPU
		{3BED43E9-5BFE-4C6C-A493-935F7525E27D}.Debug|Any CPU.ActiveCfg = Debug|Any CPU
		{3BED43E9-5BFE-4C6C-A493-935F7525E27D}.Debug|Any CPU.Build.0 = Debug|Any CPU
		{3BED43E9-5BFE-4C6C-A493-935F7525E27D}.Release|Any CPU.ActiveCfg = Release|Any CPU
		{3BED43E9-5BFE-4C6C-A493-935F7525E27D}.Release|Any CPU.Build.0 = Release|Any CPU
		{326384C0-36EF-4618-8DB5-6EDFC7A8B987}.Debug|Any CPU.ActiveCfg = Debug|Any CPU
		{326384C0-36EF-4618-8DB5-6EDFC7A8B987}.Debug|Any CPU.Build.0 = Debug|Any CPU
		{326384C0-36EF-4618-8DB5-6EDFC7A8B987}.Release|Any CPU.ActiveCfg = Release|Any CPU
		{326384C0-36EF-4618-8DB5-6EDFC7A8B987}.Release|Any CPU.Build.0 = Release|Any CPU
		{650F4227-2109-4BA7-B681-519788F36F7B}.Debug|Any CPU.ActiveCfg = Debug|Any CPU
		{650F4227-2109-4BA7-B681-519788F36F7B}.Debug|Any CPU.Build.0 = Debug|Any CPU
		{650F4227-2109-4BA7-B681-519788F36F7B}.Release|Any CPU.ActiveCfg = Release|Any CPU
		{650F4227-2109-4BA7-B681-519788F36F7B}.Release|Any CPU.Build.0 = Release|Any CPU
		{302D97A4-EAF8-457D-8821-435EDF1AC9BF}.Debug|Any CPU.ActiveCfg = Debug|Any CPU
		{302D97A4-EAF8-457D-8821-435EDF1AC9BF}.Debug|Any CPU.Build.0 = Debug|Any CPU
		{302D97A4-EAF8-457D-8821-435EDF1AC9BF}.Release|Any CPU.ActiveCfg = Release|Any CPU
		{302D97A4-EAF8-457D-8821-435EDF1AC9BF}.Release|Any CPU.Build.0 = Release|Any CPU
		{22736463-C194-458F-AC8C-00E099A8B941}.Debug|Any CPU.ActiveCfg = Debug|Any CPU
		{22736463-C194-458F-AC8C-00E099A8B941}.Debug|Any CPU.Build.0 = Debug|Any CPU
		{22736463-C194-458F-AC8C-00E099A8B941}.Release|Any CPU.ActiveCfg = Release|Any CPU
		{22736463-C194-458F-AC8C-00E099A8B941}.Release|Any CPU.Build.0 = Release|Any CPU
		{EC64E43B-F10C-4DED-80CC-A1D6A7D24F81}.Debug|Any CPU.ActiveCfg = Debug|Any CPU
		{EC64E43B-F10C-4DED-80CC-A1D6A7D24F81}.Debug|Any CPU.Build.0 = Debug|Any CPU
		{EC64E43B-F10C-4DED-80CC-A1D6A7D24F81}.Release|Any CPU.ActiveCfg = Release|Any CPU
		{EC64E43B-F10C-4DED-80CC-A1D6A7D24F81}.Release|Any CPU.Build.0 = Release|Any CPU
		{0D0D7274-FD5A-4260-AA3E-B908E507CD1D}.Debug|Any CPU.ActiveCfg = Debug|Any CPU
		{0D0D7274-FD5A-4260-AA3E-B908E507CD1D}.Debug|Any CPU.Build.0 = Debug|Any CPU
		{0D0D7274-FD5A-4260-AA3E-B908E507CD1D}.Release|Any CPU.ActiveCfg = Release|Any CPU
		{0D0D7274-FD5A-4260-AA3E-B908E507CD1D}.Release|Any CPU.Build.0 = Release|Any CPU
		{89AFFECC-0121-43EB-B1C7-317247B5F48A}.Debug|Any CPU.ActiveCfg = Debug|Any CPU
		{89AFFECC-0121-43EB-B1C7-317247B5F48A}.Debug|Any CPU.Build.0 = Debug|Any CPU
		{89AFFECC-0121-43EB-B1C7-317247B5F48A}.Release|Any CPU.ActiveCfg = Release|Any CPU
		{89AFFECC-0121-43EB-B1C7-317247B5F48A}.Release|Any CPU.Build.0 = Release|Any CPU
		{7F353F21-9D60-4D84-8853-54CA72035A39}.Debug|Any CPU.ActiveCfg = Debug|Any CPU
		{7F353F21-9D60-4D84-8853-54CA72035A39}.Debug|Any CPU.Build.0 = Debug|Any CPU
		{7F353F21-9D60-4D84-8853-54CA72035A39}.Release|Any CPU.ActiveCfg = Release|Any CPU
		{7F353F21-9D60-4D84-8853-54CA72035A39}.Release|Any CPU.Build.0 = Release|Any CPU
		{4E29F18F-B0AB-4F9A-82CF-39CD9E52BCBC}.Debug|Any CPU.ActiveCfg = Debug|Any CPU
		{4E29F18F-B0AB-4F9A-82CF-39CD9E52BCBC}.Debug|Any CPU.Build.0 = Debug|Any CPU
		{4E29F18F-B0AB-4F9A-82CF-39CD9E52BCBC}.Release|Any CPU.ActiveCfg = Release|Any CPU
		{4E29F18F-B0AB-4F9A-82CF-39CD9E52BCBC}.Release|Any CPU.Build.0 = Release|Any CPU
		{A19895F7-0D36-426A-B379-20E7B2D69FE2}.Debug|Any CPU.ActiveCfg = Debug|Any CPU
		{A19895F7-0D36-426A-B379-20E7B2D69FE2}.Debug|Any CPU.Build.0 = Debug|Any CPU
		{A19895F7-0D36-426A-B379-20E7B2D69FE2}.Release|Any CPU.ActiveCfg = Release|Any CPU
		{A19895F7-0D36-426A-B379-20E7B2D69FE2}.Release|Any CPU.Build.0 = Release|Any CPU
		{D4DB7EF4-E44D-471C-A86B-3679F5AF969E}.Debug|Any CPU.ActiveCfg = Debug|Any CPU
		{D4DB7EF4-E44D-471C-A86B-3679F5AF969E}.Debug|Any CPU.Build.0 = Debug|Any CPU
		{D4DB7EF4-E44D-471C-A86B-3679F5AF969E}.Release|Any CPU.ActiveCfg = Release|Any CPU
		{D4DB7EF4-E44D-471C-A86B-3679F5AF969E}.Release|Any CPU.Build.0 = Release|Any CPU
		{A4406402-20FE-4AF6-8D7D-CF017F08A41B}.Debug|Any CPU.ActiveCfg = Debug|Any CPU
		{A4406402-20FE-4AF6-8D7D-CF017F08A41B}.Debug|Any CPU.Build.0 = Debug|Any CPU
		{A4406402-20FE-4AF6-8D7D-CF017F08A41B}.Release|Any CPU.ActiveCfg = Release|Any CPU
		{A4406402-20FE-4AF6-8D7D-CF017F08A41B}.Release|Any CPU.Build.0 = Release|Any CPU
		{88A7464F-1666-4025-BF1F-92137D47F7A2}.Debug|Any CPU.ActiveCfg = Debug|Any CPU
		{88A7464F-1666-4025-BF1F-92137D47F7A2}.Debug|Any CPU.Build.0 = Debug|Any CPU
		{88A7464F-1666-4025-BF1F-92137D47F7A2}.Release|Any CPU.ActiveCfg = Release|Any CPU
		{88A7464F-1666-4025-BF1F-92137D47F7A2}.Release|Any CPU.Build.0 = Release|Any CPU
		{C3BCF33B-DBC5-4A9F-81D1-F47BB85503BA}.Debug|Any CPU.ActiveCfg = Debug|Any CPU
		{C3BCF33B-DBC5-4A9F-81D1-F47BB85503BA}.Debug|Any CPU.Build.0 = Debug|Any CPU
		{C3BCF33B-DBC5-4A9F-81D1-F47BB85503BA}.Release|Any CPU.ActiveCfg = Release|Any CPU
		{C3BCF33B-DBC5-4A9F-81D1-F47BB85503BA}.Release|Any CPU.Build.0 = Release|Any CPU
	EndGlobalSection
	GlobalSection(SolutionProperties) = preSolution
		HideSolutionNode = FALSE
	EndGlobalSection
	GlobalSection(NestedProjects) = preSolution
		{9B594F2E-8EAB-499B-891B-FA5525DC5221} = {C07E4FB8-B36C-43C4-9030-BB22C307891D}
		{77CB8D2F-6F2E-46CC-8D82-B37E65714136} = {C07E4FB8-B36C-43C4-9030-BB22C307891D}
		{1E59CD7D-46A7-420B-8D72-4B5309739CE1} = {C07E4FB8-B36C-43C4-9030-BB22C307891D}
		{6492A877-926D-465C-82BF-1D774B4C147A} = {C07E4FB8-B36C-43C4-9030-BB22C307891D}
		{3BED43E9-5BFE-4C6C-A493-935F7525E27D} = {C07E4FB8-B36C-43C4-9030-BB22C307891D}
		{326384C0-36EF-4618-8DB5-6EDFC7A8B987} = {B3130C8C-87C4-4F82-8A93-DFD9370817DB}
		{650F4227-2109-4BA7-B681-519788F36F7B} = {B3130C8C-87C4-4F82-8A93-DFD9370817DB}
		{302D97A4-EAF8-457D-8821-435EDF1AC9BF} = {B3130C8C-87C4-4F82-8A93-DFD9370817DB}
		{22736463-C194-458F-AC8C-00E099A8B941} = {B3130C8C-87C4-4F82-8A93-DFD9370817DB}
		{EC64E43B-F10C-4DED-80CC-A1D6A7D24F81} = {B3130C8C-87C4-4F82-8A93-DFD9370817DB}
		{0D0D7274-FD5A-4260-AA3E-B908E507CD1D} = {3E824039-23F4-44C3-842A-E31859BD8AFA}
		{89AFFECC-0121-43EB-B1C7-317247B5F48A} = {3E824039-23F4-44C3-842A-E31859BD8AFA}
		{7F353F21-9D60-4D84-8853-54CA72035A39} = {3E824039-23F4-44C3-842A-E31859BD8AFA}
		{4E29F18F-B0AB-4F9A-82CF-39CD9E52BCBC} = {3E824039-23F4-44C3-842A-E31859BD8AFA}
		{A19895F7-0D36-426A-B379-20E7B2D69FE2} = {C59739A6-0296-4DF9-8DDE-C02D04DA2C9E}
		{D4DB7EF4-E44D-471C-A86B-3679F5AF969E} = {C59739A6-0296-4DF9-8DDE-C02D04DA2C9E}
		{A4406402-20FE-4AF6-8D7D-CF017F08A41B} = {C59739A6-0296-4DF9-8DDE-C02D04DA2C9E}
		{88A7464F-1666-4025-BF1F-92137D47F7A2} = {C59739A6-0296-4DF9-8DDE-C02D04DA2C9E}
		{C3BCF33B-DBC5-4A9F-81D1-F47BB85503BA} = {E4A3BA7A-F18A-44B2-A7D3-4901B5FA30B3}
	EndGlobalSection
	GlobalSection(ExtensibilityGlobals) = postSolution
		SolutionGuid = {6B1FF4F7-F975-4294-A07A-B6E292DA710A}
	EndGlobalSection
EndGlobal
