
Microsoft Visual Studio Solution File, Format Version 12.00
# Visual Studio Version 17
VisualStudioVersion = 17.5.002.0
MinimumVisualStudioVersion = 10.0.40219.1
Project("{2150E333-8FDC-42A3-9474-1A3956D46DE8}") = "csharp-prep", "csharp-prep", "{1A0C2377-5B91-4203-BAAC-AED14FF41E5A}"
EndProject
Project("{9A19103F-16F7-4668-BE54-9A1E7A4F7556}") = "Prep1", "csharp-prep\Prep1\Prep1.csproj", "{05952F2C-BF22-4D2A-ABBD-02FEAD71239D}"
EndProject
Project("{9A19103F-16F7-4668-BE54-9A1E7A4F7556}") = "Prep2", "csharp-prep\Prep2\Prep2.csproj", "{92655C4B-0BB7-4D3D-B00E-58AA6D4A45CA}"
EndProject
Project("{9A19103F-16F7-4668-BE54-9A1E7A4F7556}") = "Prep3", "csharp-prep\Prep3\Prep3.csproj", "{2AAB1891-FD61-4B6A-A01A-90852618492A}"
EndProject
Project("{9A19103F-16F7-4668-BE54-9A1E7A4F7556}") = "Prep4", "csharp-prep\Prep4\Prep4.csproj", "{AC266D2B-1ACE-4925-BADD-790160FD7CCE}"
EndProject
Project("{9A19103F-16F7-4668-BE54-9A1E7A4F7556}") = "Prep5", "csharp-prep\Prep5\Prep5.csproj", "{B11D1545-BC79-4D7E-9D1B-67D1BE29821B}"
EndProject
Project("{2150E333-8FDC-42A3-9474-1A3956D46DE8}") = "final", "final", "{5A21B3A0-C0E5-4B54-B5E8-A748AB4AE967}"
EndProject
Project("{9A19103F-16F7-4668-BE54-9A1E7A4F7556}") = "FinalProject", "final\FinalProject\FinalProject.csproj", "{D53B37F9-E21C-4667-9C65-216A48EE1522}"
EndProject
Project("{9A19103F-16F7-4668-BE54-9A1E7A4F7556}") = "Foundation1", "final\Foundation1\Foundation1.csproj", "{2A512A85-3044-40DA-9E00-84C73769FCCD}"
EndProject
Project("{9A19103F-16F7-4668-BE54-9A1E7A4F7556}") = "Foundation2", "final\Foundation2\Foundation2.csproj", "{8BD38B34-C410-496B-B6C9-F72C391CE121}"
EndProject
Project("{9A19103F-16F7-4668-BE54-9A1E7A4F7556}") = "Foundation3", "final\Foundation3\Foundation3.csproj", "{433A6181-1B3A-44C2-A546-1E87BBCEB43B}"
EndProject
Project("{9A19103F-16F7-4668-BE54-9A1E7A4F7556}") = "Foundation4", "final\Foundation4\Foundation4.csproj", "{40E0AD5C-2C5D-4024-B9A1-D5EAE597CE00}"
EndProject
Project("{2150E333-8FDC-42A3-9474-1A3956D46DE8}") = "prepare", "prepare", "{31029D6F-1D43-4FEE-8E47-897CDECEEEA1}"
EndProject
Project("{9A19103F-16F7-4668-BE54-9A1E7A4F7556}") = "Learning02", "prepare\Learning02\Learning02.csproj", "{C62CDCC5-0268-4F09-9012-52E71ECE0100}"
EndProject
Project("{9A19103F-16F7-4668-BE54-9A1E7A4F7556}") = "Learning03", "prepare\Learning03\Learning03.csproj", "{8C61B531-EE0B-48A0-87AC-6D602A2CFD79}"
EndProject
Project("{9A19103F-16F7-4668-BE54-9A1E7A4F7556}") = "Learning04", "prepare\Learning04\Learning04.csproj", "{DDE30A4B-CE1F-4D7E-BD14-C8CC01C6F8AF}"
EndProject
Project("{9A19103F-16F7-4668-BE54-9A1E7A4F7556}") = "Learning05", "prepare\Learning05\Learning05.csproj", "{1D43335E-D0CA-49BD-BCD6-F156D9F73132}"
EndProject
Project("{2150E333-8FDC-42A3-9474-1A3956D46DE8}") = "prove", "prove", "{86B6248C-14B2-4DDC-8795-C510DDE96B6B}"
EndProject
Project("{9A19103F-16F7-4668-BE54-9A1E7A4F7556}") = "Develop02", "prove\Develop02\Develop02.csproj", "{B7F6BF9A-6613-4169-8B87-0CE74B83673A}"
EndProject
Project("{9A19103F-16F7-4668-BE54-9A1E7A4F7556}") = "Develop03", "prove\Develop03\Develop03.csproj", "{65C68B26-EA4F-4F6F-B2BC-31D19C08551C}"
EndProject
Project("{9A19103F-16F7-4668-BE54-9A1E7A4F7556}") = "Develop04", "prove\Develop04\Develop04.csproj", "{E42073CA-6138-409F-8A42-3EE36A7A5F7C}"
EndProject
Project("{9A19103F-16F7-4668-BE54-9A1E7A4F7556}") = "Develop05", "prove\Develop05\Develop05.csproj", "{5E8884CC-75D7-46C3-8921-A5FDA6EB9497}"
EndProject
Project("{2150E333-8FDC-42A3-9474-1A3956D46DE8}") = "sandbox", "sandbox", "{DB1739E7-AF26-4CA9-9CEF-890BCA475EC6}"
EndProject
Project("{9A19103F-16F7-4668-BE54-9A1E7A4F7556}") = "Sandbox", "sandbox\Sandbox\Sandbox.csproj", "{C8A1F5FA-AC13-4F79-AECC-EBFF7F4D3317}"
EndProject
Global
	GlobalSection(SolutionConfigurationPlatforms) = preSolution
		Debug|Any CPU = Debug|Any CPU
		Release|Any CPU = Release|Any CPU
	EndGlobalSection
	GlobalSection(ProjectConfigurationPlatforms) = postSolution
		{05952F2C-BF22-4D2A-ABBD-02FEAD71239D}.Debug|Any CPU.ActiveCfg = Debug|Any CPU
		{05952F2C-BF22-4D2A-ABBD-02FEAD71239D}.Debug|Any CPU.Build.0 = Debug|Any CPU
		{05952F2C-BF22-4D2A-ABBD-02FEAD71239D}.Release|Any CPU.ActiveCfg = Release|Any CPU
		{05952F2C-BF22-4D2A-ABBD-02FEAD71239D}.Release|Any CPU.Build.0 = Release|Any CPU
		{92655C4B-0BB7-4D3D-B00E-58AA6D4A45CA}.Debug|Any CPU.ActiveCfg = Debug|Any CPU
		{92655C4B-0BB7-4D3D-B00E-58AA6D4A45CA}.Debug|Any CPU.Build.0 = Debug|Any CPU
		{92655C4B-0BB7-4D3D-B00E-58AA6D4A45CA}.Release|Any CPU.ActiveCfg = Release|Any CPU
		{92655C4B-0BB7-4D3D-B00E-58AA6D4A45CA}.Release|Any CPU.Build.0 = Release|Any CPU
		{2AAB1891-FD61-4B6A-A01A-90852618492A}.Debug|Any CPU.ActiveCfg = Debug|Any CPU
		{2AAB1891-FD61-4B6A-A01A-90852618492A}.Debug|Any CPU.Build.0 = Debug|Any CPU
		{2AAB1891-FD61-4B6A-A01A-90852618492A}.Release|Any CPU.ActiveCfg = Release|Any CPU
		{2AAB1891-FD61-4B6A-A01A-90852618492A}.Release|Any CPU.Build.0 = Release|Any CPU
		{AC266D2B-1ACE-4925-BADD-790160FD7CCE}.Debug|Any CPU.ActiveCfg = Debug|Any CPU
		{AC266D2B-1ACE-4925-BADD-790160FD7CCE}.Debug|Any CPU.Build.0 = Debug|Any CPU
		{AC266D2B-1ACE-4925-BADD-790160FD7CCE}.Release|Any CPU.ActiveCfg = Release|Any CPU
		{AC266D2B-1ACE-4925-BADD-790160FD7CCE}.Release|Any CPU.Build.0 = Release|Any CPU
		{B11D1545-BC79-4D7E-9D1B-67D1BE29821B}.Debug|Any CPU.ActiveCfg = Debug|Any CPU
		{B11D1545-BC79-4D7E-9D1B-67D1BE29821B}.Debug|Any CPU.Build.0 = Debug|Any CPU
		{B11D1545-BC79-4D7E-9D1B-67D1BE29821B}.Release|Any CPU.ActiveCfg = Release|Any CPU
		{B11D1545-BC79-4D7E-9D1B-67D1BE29821B}.Release|Any CPU.Build.0 = Release|Any CPU
		{D53B37F9-E21C-4667-9C65-216A48EE1522}.Debug|Any CPU.ActiveCfg = Debug|Any CPU
		{D53B37F9-E21C-4667-9C65-216A48EE1522}.Debug|Any CPU.Build.0 = Debug|Any CPU
		{D53B37F9-E21C-4667-9C65-216A48EE1522}.Release|Any CPU.ActiveCfg = Release|Any CPU
		{D53B37F9-E21C-4667-9C65-216A48EE1522}.Release|Any CPU.Build.0 = Release|Any CPU
		{2A512A85-3044-40DA-9E00-84C73769FCCD}.Debug|Any CPU.ActiveCfg = Debug|Any CPU
		{2A512A85-3044-40DA-9E00-84C73769FCCD}.Debug|Any CPU.Build.0 = Debug|Any CPU
		{2A512A85-3044-40DA-9E00-84C73769FCCD}.Release|Any CPU.ActiveCfg = Release|Any CPU
		{2A512A85-3044-40DA-9E00-84C73769FCCD}.Release|Any CPU.Build.0 = Release|Any CPU
		{8BD38B34-C410-496B-B6C9-F72C391CE121}.Debug|Any CPU.ActiveCfg = Debug|Any CPU
		{8BD38B34-C410-496B-B6C9-F72C391CE121}.Debug|Any CPU.Build.0 = Debug|Any CPU
		{8BD38B34-C410-496B-B6C9-F72C391CE121}.Release|Any CPU.ActiveCfg = Release|Any CPU
		{8BD38B34-C410-496B-B6C9-F72C391CE121}.Release|Any CPU.Build.0 = Release|Any CPU
		{433A6181-1B3A-44C2-A546-1E87BBCEB43B}.Debug|Any CPU.ActiveCfg = Debug|Any CPU
		{433A6181-1B3A-44C2-A546-1E87BBCEB43B}.Debug|Any CPU.Build.0 = Debug|Any CPU
		{433A6181-1B3A-44C2-A546-1E87BBCEB43B}.Release|Any CPU.ActiveCfg = Release|Any CPU
		{433A6181-1B3A-44C2-A546-1E87BBCEB43B}.Release|Any CPU.Build.0 = Release|Any CPU
		{40E0AD5C-2C5D-4024-B9A1-D5EAE597CE00}.Debug|Any CPU.ActiveCfg = Debug|Any CPU
		{40E0AD5C-2C5D-4024-B9A1-D5EAE597CE00}.Debug|Any CPU.Build.0 = Debug|Any CPU
		{40E0AD5C-2C5D-4024-B9A1-D5EAE597CE00}.Release|Any CPU.ActiveCfg = Release|Any CPU
		{40E0AD5C-2C5D-4024-B9A1-D5EAE597CE00}.Release|Any CPU.Build.0 = Release|Any CPU
		{C62CDCC5-0268-4F09-9012-52E71ECE0100}.Debug|Any CPU.ActiveCfg = Debug|Any CPU
		{C62CDCC5-0268-4F09-9012-52E71ECE0100}.Debug|Any CPU.Build.0 = Debug|Any CPU
		{C62CDCC5-0268-4F09-9012-52E71ECE0100}.Release|Any CPU.ActiveCfg = Release|Any CPU
		{C62CDCC5-0268-4F09-9012-52E71ECE0100}.Release|Any CPU.Build.0 = Release|Any CPU
		{8C61B531-EE0B-48A0-87AC-6D602A2CFD79}.Debug|Any CPU.ActiveCfg = Debug|Any CPU
		{8C61B531-EE0B-48A0-87AC-6D602A2CFD79}.Debug|Any CPU.Build.0 = Debug|Any CPU
		{8C61B531-EE0B-48A0-87AC-6D602A2CFD79}.Release|Any CPU.ActiveCfg = Release|Any CPU
		{8C61B531-EE0B-48A0-87AC-6D602A2CFD79}.Release|Any CPU.Build.0 = Release|Any CPU
		{DDE30A4B-CE1F-4D7E-BD14-C8CC01C6F8AF}.Debug|Any CPU.ActiveCfg = Debug|Any CPU
		{DDE30A4B-CE1F-4D7E-BD14-C8CC01C6F8AF}.Debug|Any CPU.Build.0 = Debug|Any CPU
		{DDE30A4B-CE1F-4D7E-BD14-C8CC01C6F8AF}.Release|Any CPU.ActiveCfg = Release|Any CPU
		{DDE30A4B-CE1F-4D7E-BD14-C8CC01C6F8AF}.Release|Any CPU.Build.0 = Release|Any CPU
		{1D43335E-D0CA-49BD-BCD6-F156D9F73132}.Debug|Any CPU.ActiveCfg = Debug|Any CPU
		{1D43335E-D0CA-49BD-BCD6-F156D9F73132}.Debug|Any CPU.Build.0 = Debug|Any CPU
		{1D43335E-D0CA-49BD-BCD6-F156D9F73132}.Release|Any CPU.ActiveCfg = Release|Any CPU
		{1D43335E-D0CA-49BD-BCD6-F156D9F73132}.Release|Any CPU.Build.0 = Release|Any CPU
		{B7F6BF9A-6613-4169-8B87-0CE74B83673A}.Debug|Any CPU.ActiveCfg = Debug|Any CPU
		{B7F6BF9A-6613-4169-8B87-0CE74B83673A}.Debug|Any CPU.Build.0 = Debug|Any CPU
		{B7F6BF9A-6613-4169-8B87-0CE74B83673A}.Release|Any CPU.ActiveCfg = Release|Any CPU
		{B7F6BF9A-6613-4169-8B87-0CE74B83673A}.Release|Any CPU.Build.0 = Release|Any CPU
		{65C68B26-EA4F-4F6F-B2BC-31D19C08551C}.Debug|Any CPU.ActiveCfg = Debug|Any CPU
		{65C68B26-EA4F-4F6F-B2BC-31D19C08551C}.Debug|Any CPU.Build.0 = Debug|Any CPU
		{65C68B26-EA4F-4F6F-B2BC-31D19C08551C}.Release|Any CPU.ActiveCfg = Release|Any CPU
		{65C68B26-EA4F-4F6F-B2BC-31D19C08551C}.Release|Any CPU.Build.0 = Release|Any CPU
		{E42073CA-6138-409F-8A42-3EE36A7A5F7C}.Debug|Any CPU.ActiveCfg = Debug|Any CPU
		{E42073CA-6138-409F-8A42-3EE36A7A5F7C}.Debug|Any CPU.Build.0 = Debug|Any CPU
		{E42073CA-6138-409F-8A42-3EE36A7A5F7C}.Release|Any CPU.ActiveCfg = Release|Any CPU
		{E42073CA-6138-409F-8A42-3EE36A7A5F7C}.Release|Any CPU.Build.0 = Release|Any CPU
		{5E8884CC-75D7-46C3-8921-A5FDA6EB9497}.Debug|Any CPU.ActiveCfg = Debug|Any CPU
		{5E8884CC-75D7-46C3-8921-A5FDA6EB9497}.Debug|Any CPU.Build.0 = Debug|Any CPU
		{5E8884CC-75D7-46C3-8921-A5FDA6EB9497}.Release|Any CPU.ActiveCfg = Release|Any CPU
		{5E8884CC-75D7-46C3-8921-A5FDA6EB9497}.Release|Any CPU.Build.0 = Release|Any CPU
		{C8A1F5FA-AC13-4F79-AECC-EBFF7F4D3317}.Debug|Any CPU.ActiveCfg = Debug|Any CPU
		{C8A1F5FA-AC13-4F79-AECC-EBFF7F4D3317}.Debug|Any CPU.Build.0 = Debug|Any CPU
		{C8A1F5FA-AC13-4F79-AECC-EBFF7F4D3317}.Release|Any CPU.ActiveCfg = Release|Any CPU
		{C8A1F5FA-AC13-4F79-AECC-EBFF7F4D3317}.Release|Any CPU.Build.0 = Release|Any CPU
	EndGlobalSection
	GlobalSection(SolutionProperties) = preSolution
		HideSolutionNode = FALSE
	EndGlobalSection
	GlobalSection(NestedProjects) = preSolution
		{05952F2C-BF22-4D2A-ABBD-02FEAD71239D} = {1A0C2377-5B91-4203-BAAC-AED14FF41E5A}
		{92655C4B-0BB7-4D3D-B00E-58AA6D4A45CA} = {1A0C2377-5B91-4203-BAAC-AED14FF41E5A}
		{2AAB1891-FD61-4B6A-A01A-90852618492A} = {1A0C2377-5B91-4203-BAAC-AED14FF41E5A}
		{AC266D2B-1ACE-4925-BADD-790160FD7CCE} = {1A0C2377-5B91-4203-BAAC-AED14FF41E5A}
		{B11D1545-BC79-4D7E-9D1B-67D1BE29821B} = {1A0C2377-5B91-4203-BAAC-AED14FF41E5A}
		{D53B37F9-E21C-4667-9C65-216A48EE1522} = {5A21B3A0-C0E5-4B54-B5E8-A748AB4AE967}
		{2A512A85-3044-40DA-9E00-84C73769FCCD} = {5A21B3A0-C0E5-4B54-B5E8-A748AB4AE967}
		{8BD38B34-C410-496B-B6C9-F72C391CE121} = {5A21B3A0-C0E5-4B54-B5E8-A748AB4AE967}
		{433A6181-1B3A-44C2-A546-1E87BBCEB43B} = {5A21B3A0-C0E5-4B54-B5E8-A748AB4AE967}
		{40E0AD5C-2C5D-4024-B9A1-D5EAE597CE00} = {5A21B3A0-C0E5-4B54-B5E8-A748AB4AE967}
		{C62CDCC5-0268-4F09-9012-52E71ECE0100} = {31029D6F-1D43-4FEE-8E47-897CDECEEEA1}
		{8C61B531-EE0B-48A0-87AC-6D602A2CFD79} = {31029D6F-1D43-4FEE-8E47-897CDECEEEA1}
		{DDE30A4B-CE1F-4D7E-BD14-C8CC01C6F8AF} = {31029D6F-1D43-4FEE-8E47-897CDECEEEA1}
		{1D43335E-D0CA-49BD-BCD6-F156D9F73132} = {31029D6F-1D43-4FEE-8E47-897CDECEEEA1}
		{B7F6BF9A-6613-4169-8B87-0CE74B83673A} = {86B6248C-14B2-4DDC-8795-C510DDE96B6B}
		{65C68B26-EA4F-4F6F-B2BC-31D19C08551C} = {86B6248C-14B2-4DDC-8795-C510DDE96B6B}
		{E42073CA-6138-409F-8A42-3EE36A7A5F7C} = {86B6248C-14B2-4DDC-8795-C510DDE96B6B}
		{5E8884CC-75D7-46C3-8921-A5FDA6EB9497} = {86B6248C-14B2-4DDC-8795-C510DDE96B6B}
		{C8A1F5FA-AC13-4F79-AECC-EBFF7F4D3317} = {DB1739E7-AF26-4CA9-9CEF-890BCA475EC6}
	EndGlobalSection
	GlobalSection(ExtensibilityGlobals) = postSolution
		SolutionGuid = {B0F5A789-7B9F-4AAF-BAFF-CAED30F8AD68}
	EndGlobalSection
EndGlobal
